
Microsoft Visual Studio Solution File, Format Version 12.00
# Visual Studio 15
VisualStudioVersion = 15.0.28010.2036
MinimumVisualStudioVersion = 10.0.40219.1
Project("{FAE04EC0-301F-11D3-BF4B-00C04F79EFBC}") = "SRE", "BunifuSlideMenu\SRE.csproj", "{9AAEF3E4-F7B0-43B1-8070-CA32C2D7083A}"
EndProject
Project("{54435603-DBB4-11D2-8724-00A0C9A8B90C}") = "AL_KHAIR", "AL_KHAIR\AL_KHAIR.vdproj", "{9DF8CDC6-D3EC-440D-935E-448DA664CC2E}"
EndProject
Global
	GlobalSection(SolutionConfigurationPlatforms) = preSolution
		Debug|Any CPU = Debug|Any CPU
		Release|Any CPU = Release|Any CPU
	EndGlobalSection
	GlobalSection(ProjectConfigurationPlatforms) = postSolution
		{9AAEF3E4-F7B0-43B1-8070-CA32C2D7083A}.Debug|Any CPU.ActiveCfg = Debug|Any CPU
		{9AAEF3E4-F7B0-43B1-8070-CA32C2D7083A}.Debug|Any CPU.Build.0 = Debug|Any CPU
		{9AAEF3E4-F7B0-43B1-8070-CA32C2D7083A}.Release|Any CPU.ActiveCfg = Release|Any CPU
		{9AAEF3E4-F7B0-43B1-8070-CA32C2D7083A}.Release|Any CPU.Build.0 = Release|Any CPU
		{9DF8CDC6-D3EC-440D-935E-448DA664CC2E}.Debug|Any CPU.ActiveCfg = Debug
		{9DF8CDC6-D3EC-440D-935E-448DA664CC2E}.Release|Any CPU.ActiveCfg = Release
	EndGlobalSection
	GlobalSection(SolutionProperties) = preSolution
		HideSolutionNode = FALSE
	EndGlobalSection
	GlobalSection(ExtensibilityGlobals) = postSolution
		SolutionGuid = {5814ED1D-2788-4ADF-863C-B190EC8B82EB}
	EndGlobalSection
EndGlobal
